
Microsoft Visual Studio Solution File, Format Version 12.00
# Visual Studio Version 17
VisualStudioVersion = 17.4.33403.182
MinimumVisualStudioVersion = 10.0.40219.1
Project("{FAE04EC0-301F-11D3-BF4B-00C04F79EFBC}") = "AplikasiXML_20SA1106", "AplikasiXML_20SA1106\AplikasiXML_20SA1106.csproj", "{83E5D8C0-9A99-42FF-8988-9A80DB884786}"
EndProject
Global
	GlobalSection(SolutionConfigurationPlatforms) = preSolution
		Debug|Any CPU = Debug|Any CPU
		Release|Any CPU = Release|Any CPU
	EndGlobalSection
	GlobalSection(ProjectConfigurationPlatforms) = postSolution
		{83E5D8C0-9A99-42FF-8988-9A80DB884786}.Debug|Any CPU.ActiveCfg = Debug|Any CPU
		{83E5D8C0-9A99-42FF-8988-9A80DB884786}.Debug|Any CPU.Build.0 = Debug|Any CPU
		{83E5D8C0-9A99-42FF-8988-9A80DB884786}.Release|Any CPU.ActiveCfg = Release|Any CPU
		{83E5D8C0-9A99-42FF-8988-9A80DB884786}.Release|Any CPU.Build.0 = Release|Any CPU
	EndGlobalSection
	GlobalSection(SolutionProperties) = preSolution
		HideSolutionNode = FALSE
	EndGlobalSection
	GlobalSection(ExtensibilityGlobals) = postSolution
		SolutionGuid = {2C797D5A-090D-436E-B92A-20F4E74A7EB8}
	EndGlobalSection
EndGlobal
